Microsoft Visual Studio Solution File, Format Version 12.00
# Visual Studio 2012
Project("{FAE04EC0-301F-11D3-BF4B-00C04F79EFBC}") = "AngularJS", "AngularJS\AngularJS.csproj", "{67CCC814-5E88-49A1-BF39-9555D27E8748}"
EndProject
Project("{E24C65DC-7377-472B-9ABA-BC803B73C61A}") = "WebSite", "WebSite\", "{7B8AFF18-46AF-475D-9978-057FE45DFBB1}"
	ProjectSection(WebsiteProperties) = preProject
		TargetFrameworkMoniker = ".NETFramework,Version%3Dv4.0"
		Debug.AspNetCompiler.VirtualPath = "/WebSite"
		Debug.AspNetCompiler.PhysicalPath = "WebSite\"
		Debug.AspNetCompiler.TargetPath = "PrecompiledWeb\WebSite\"
		Debug.AspNetCompiler.Updateable = "true"
		Debug.AspNetCompiler.ForceOverwrite = "true"
		Debug.AspNetCompiler.FixedNames = "false"
		Debug.AspNetCompiler.Debug = "True"
		Release.AspNetCompiler.VirtualPath = "/WebSite"
		Release.AspNetCompiler.PhysicalPath = "WebSite\"
		Release.AspNetCompiler.TargetPath = "PrecompiledWeb\WebSite\"
		Release.AspNetCompiler.Updateable = "true"
		Release.AspNetCompiler.ForceOverwrite = "true"
		Release.AspNetCompiler.FixedNames = "false"
		Release.AspNetCompiler.Debug = "False"
		VWDPort = "14533"
	EndProjectSection
	ProjectSection(ProjectDependencies) = postProject
		{67CCC814-5E88-49A1-BF39-9555D27E8748} = {67CCC814-5E88-49A1-BF39-9555D27E8748}
		{00A8CA91-7F42-4E77-ABB3-EB14EB1D2BFC} = {00A8CA91-7F42-4E77-ABB3-EB14EB1D2BFC}
	EndProjectSection
EndProject
Project("{FAE04EC0-301F-11D3-BF4B-00C04F79EFBC}") = "Examples", "Examples\Examples.csproj", "{00A8CA91-7F42-4E77-ABB3-EB14EB1D2BFC}"
	ProjectSection(ProjectDependencies) = postProject
		{67CCC814-5E88-49A1-BF39-9555D27E8748} = {67CCC814-5E88-49A1-BF39-9555D27E8748}
	EndProjectSection
EndProject
Global
	GlobalSection(SolutionConfigurationPlatforms) = preSolution
		Debug|Any CPU = Debug|Any CPU
		Release|Any CPU = Release|Any CPU
	EndGlobalSection
	GlobalSection(ProjectConfigurationPlatforms) = postSolution
		{67CCC814-5E88-49A1-BF39-9555D27E8748}.Debug|Any CPU.ActiveCfg = Debug|Any CPU
		{67CCC814-5E88-49A1-BF39-9555D27E8748}.Debug|Any CPU.Build.0 = Debug|Any CPU
		{67CCC814-5E88-49A1-BF39-9555D27E8748}.Release|Any CPU.ActiveCfg = Release|Any CPU
		{67CCC814-5E88-49A1-BF39-9555D27E8748}.Release|Any CPU.Build.0 = Release|Any CPU
		{7B8AFF18-46AF-475D-9978-057FE45DFBB1}.Debug|Any CPU.ActiveCfg = Debug|Any CPU
		{7B8AFF18-46AF-475D-9978-057FE45DFBB1}.Debug|Any CPU.Build.0 = Debug|Any CPU
		{7B8AFF18-46AF-475D-9978-057FE45DFBB1}.Release|Any CPU.ActiveCfg = Debug|Any CPU
		{7B8AFF18-46AF-475D-9978-057FE45DFBB1}.Release|Any CPU.Build.0 = Debug|Any CPU
		{00A8CA91-7F42-4E77-ABB3-EB14EB1D2BFC}.Debug|Any CPU.ActiveCfg = Debug|Any CPU
		{00A8CA91-7F42-4E77-ABB3-EB14EB1D2BFC}.Debug|Any CPU.Build.0 = Debug|Any CPU
		{00A8CA91-7F42-4E77-ABB3-EB14EB1D2BFC}.Release|Any CPU.ActiveCfg = Release|Any CPU
		{00A8CA91-7F42-4E77-ABB3-EB14EB1D2BFC}.Release|Any CPU.Build.0 = Release|Any CPU
	EndGlobalSection
	GlobalSection(SolutionProperties) = preSolution
		HideSolutionNode = FALSE
	EndGlobalSection
EndGlobal
